// !$*UTF8*$!
{
	archiveVersion = 1;
	classes = {
	};
	objectVersion = 56;
	objects = {

/* Begin PBXBuildFile section */
		15189FF52C51C41800547F61 /* WorkoutController.swift in Sources */ = {isa = PBXBuildFile; fileRef = 15189FF42C51C41800547F61 /* WorkoutController.swift */; };
		15192E5F2C51D3A0003CD92C /* ExerciseDetailView.swift in Sources */ = {isa = PBXBuildFile; fileRef = 15192E5E2C51D3A0003CD92C /* ExerciseDetailView.swift */; };
		15192E612C51D645003CD92C /* NotesView.swift in Sources */ = {isa = PBXBuildFile; fileRef = 15192E602C51D645003CD92C /* NotesView.swift */; };
		1548A42E2C4F9397000B5754 /* WorkoutGroupsView.swift in Sources */ = {isa = PBXBuildFile; fileRef = 1548A42D2C4F9397000B5754 /* WorkoutGroupsView.swift */; };
		1548A4302C4F9524000B5754 /* WorkoutListView.swift in Sources */ = {isa = PBXBuildFile; fileRef = 1548A42F2C4F9524000B5754 /* WorkoutListView.swift */; };
		1550C7B12C52D5A200738451 /* WorkoutViewModel.swift in Sources */ = {isa = PBXBuildFile; fileRef = 1550C7B02C52D5A200738451 /* WorkoutViewModel.swift */; };
		1550C7B32C52E40B00738451 /* WorkoutListController.swift in Sources */ = {isa = PBXBuildFile; fileRef = 1550C7B22C52E40B00738451 /* WorkoutListController.swift */; };
		159D4B442B452BF50045360E /* ContentView.swift in Sources */ = {isa = PBXBuildFile; fileRef = 159D4B432B452BF50045360E /* ContentView.swift */; };
		159D4B462B452C840045360E /* WorkoutsPageView.swift in Sources */ = {isa = PBXBuildFile; fileRef = 159D4B452B452C840045360E /* WorkoutsPageView.swift */; };
		159D4B4A2B452EDF0045360E /* WorkoutView.swift in Sources */ = {isa = PBXBuildFile; fileRef = 159D4B492B452EDF0045360E /* WorkoutView.swift */; };
		159D4B4D2B4531490045360E /* Workout.swift in Sources */ = {isa = PBXBuildFile; fileRef = 159D4B4C2B4531490045360E /* Workout.swift */; };
		159D4B4F2B4531930045360E /* Exercise.swift in Sources */ = {isa = PBXBuildFile; fileRef = 159D4B4E2B4531930045360E /* Exercise.swift */; };
		159D4B512B4531C10045360E /* Set.swift in Sources */ = {isa = PBXBuildFile; fileRef = 159D4B502B4531C10045360E /* Set.swift */; };
		159D4B532B4532330045360E /* Notes.swift in Sources */ = {isa = PBXBuildFile; fileRef = 159D4B522B4532330045360E /* Notes.swift */; };
		159D4B562B4537CC0045360E /* WorkoutsViewModel.swift in Sources */ = {isa = PBXBuildFile; fileRef = 159D4B552B4537CC0045360E /* WorkoutsViewModel.swift */; };
		159D4B582B4540A80045360E /* ExerciseCardView.swift in Sources */ = {isa = PBXBuildFile; fileRef = 159D4B572B4540A80045360E /* ExerciseCardView.swift */; };
		159D4B5A2B4541D40045360E /* SetDetailView.swift in Sources */ = {isa = PBXBuildFile; fileRef = 159D4B592B4541D40045360E /* SetDetailView.swift */; };
		15AFA7902C4F793D00F6B482 /* WorkoutGroupsController.swift in Sources */ = {isa = PBXBuildFile; fileRef = 15AFA78F2C4F793D00F6B482 /* WorkoutGroupsController.swift */; };
		15AFA7922C4F7E0500F6B482 /* YearMonth.swift in Sources */ = {isa = PBXBuildFile; fileRef = 15AFA7912C4F7E0500F6B482 /* YearMonth.swift */; };
		15AFA7942C4F7F2D00F6B482 /* DateService.swift in Sources */ = {isa = PBXBuildFile; fileRef = 15AFA7932C4F7F2D00F6B482 /* DateService.swift */; };
		15B0A6852C55BCE50050A0C3 /* RealmService.swift in Sources */ = {isa = PBXBuildFile; fileRef = 15B0A6842C55BCE50050A0C3 /* RealmService.swift */; };
		15B0A6872C55C2090050A0C3 /* ExerciseViewModel.swift in Sources */ = {isa = PBXBuildFile; fileRef = 15B0A6862C55C2090050A0C3 /* ExerciseViewModel.swift */; };
		15B0A6892C55CD5B0050A0C3 /* SetViewModel.swift in Sources */ = {isa = PBXBuildFile; fileRef = 15B0A6882C55CD5B0050A0C3 /* SetViewModel.swift */; };
		15B9BA172C55B3F40000F832 /* RealmSwift in Frameworks */ = {isa = PBXBuildFile; productRef = 15B9BA162C55B3F40000F832 /* RealmSwift */; settings = {ATTRIBUTES = (Weak, ); }; };
		15B9BA182C55B3F40000F832 /* RealmSwift in Embed Frameworks */ = {isa = PBXBuildFile; productRef = 15B9BA162C55B3F40000F832 /* RealmSwift */; settings = {ATTRIBUTES = (CodeSignOnCopy, ); }; };
		15B9BA1E2C55B5DD0000F832 /* RealmSwift in Frameworks */ = {isa = PBXBuildFile; productRef = 15B9BA1D2C55B5DD0000F832 /* RealmSwift */; settings = {ATTRIBUTES = (Weak, ); }; };
		15B9BA1F2C55B5DD0000F832 /* RealmSwift in Embed Frameworks */ = {isa = PBXBuildFile; productRef = 15B9BA1D2C55B5DD0000F832 /* RealmSwift */; settings = {ATTRIBUTES = (CodeSignOnCopy, ); }; };
		15B9BA252C55B5E30000F832 /* RealmSwift in Frameworks */ = {isa = PBXBuildFile; productRef = 15B9BA242C55B5E30000F832 /* RealmSwift */; settings = {ATTRIBUTES = (Weak, ); }; };
		15B9BA262C55B5E30000F832 /* RealmSwift in Embed Frameworks */ = {isa = PBXBuildFile; productRef = 15B9BA242C55B5E30000F832 /* RealmSwift */; settings = {ATTRIBUTES = (CodeSignOnCopy, ); }; };
		15DA47CD2B36A2D400FF6C95 /* GymAppApp.swift in Sources */ = {isa = PBXBuildFile; fileRef = 15DA47CC2B36A2D400FF6C95 /* GymAppApp.swift */; };
		15DA47D12B36A2D700FF6C95 /* Assets.xcassets in Resources */ = {isa = PBXBuildFile; fileRef = 15DA47D02B36A2D700FF6C95 /* Assets.xcassets */; };
		15DA47D52B36A2D700FF6C95 /* Preview Assets.xcassets in Resources */ = {isa = PBXBuildFile; fileRef = 15DA47D42B36A2D700FF6C95 /* Preview Assets.xcassets */; };
		15DA47DF2B36A2D800FF6C95 /* GymAppTests.swift in Sources */ = {isa = PBXBuildFile; fileRef = 15DA47DE2B36A2D800FF6C95 /* GymAppTests.swift */; };
		15DA47E92B36A2D800FF6C95 /* GymAppUITests.swift in Sources */ = {isa = PBXBuildFile; fileRef = 15DA47E82B36A2D800FF6C95 /* GymAppUITests.swift */; };
		15DA47EB2B36A2D800FF6C95 /* GymAppUITestsLaunchTests.swift in Sources */ = {isa = PBXBuildFile; fileRef = 15DA47EA2B36A2D800FF6C95 /* GymAppUITestsLaunchTests.swift */; };
		15DF73602C4DF4C200C4F98D /* WorkoutServiceTests.swift in Sources */ = {isa = PBXBuildFile; fileRef = 15DF735F2C4DF4C200C4F98D /* WorkoutServiceTests.swift */; };
/* End PBXBuildFile section */

/* Begin PBXContainerItemProxy section */
		15DA47DB2B36A2D800FF6C95 /* PBXContainerItemProxy */ = {
			isa = PBXContainerItemProxy;
			containerPortal = 15DA47C12B36A2D400FF6C95 /* Project object */;
			proxyType = 1;
			remoteGlobalIDString = 15DA47C82B36A2D400FF6C95;
			remoteInfo = GymApp;
		};
		15DA47E52B36A2D800FF6C95 /* PBXContainerItemProxy */ = {
			isa = PBXContainerItemProxy;
			containerPortal = 15DA47C12B36A2D400FF6C95 /* Project object */;
			proxyType = 1;
			remoteGlobalIDString = 15DA47C82B36A2D400FF6C95;
			remoteInfo = GymApp;
		};
/* End PBXContainerItemProxy section */

/* Begin PBXCopyFilesBuildPhase section */
		15B9BA192C55B3F40000F832 /* Embed Frameworks */ = {
			isa = PBXCopyFilesBuildPhase;
			buildActionMask = 2147483647;
			dstPath = "";
			dstSubfolderSpec = 10;
			files = (
				15B9BA182C55B3F40000F832 /* RealmSwift in Embed Frameworks */,
			);
			name = "Embed Frameworks";
			runOnlyForDeploymentPostprocessing = 0;
		};
		15B9BA202C55B5DD0000F832 /* Embed Frameworks */ = {
			isa = PBXCopyFilesBuildPhase;
			buildActionMask = 2147483647;
			dstPath = "";
			dstSubfolderSpec = 10;
			files = (
				15B9BA1F2C55B5DD0000F832 /* RealmSwift in Embed Frameworks */,
			);
			name = "Embed Frameworks";
			runOnlyForDeploymentPostprocessing = 0;
		};
		15B9BA272C55B5E30000F832 /* Embed Frameworks */ = {
			isa = PBXCopyFilesBuildPhase;
			buildActionMask = 2147483647;
			dstPath = "";
			dstSubfolderSpec = 10;
			files = (
				15B9BA262C55B5E30000F832 /* RealmSwift in Embed Frameworks */,
			);
			name = "Embed Frameworks";
			runOnlyForDeploymentPostprocessing = 0;
		};
/* End PBXCopyFilesBuildPhase section */

/* Begin PBXFileReference section */
		15189FF42C51C41800547F61 /* WorkoutController.swift */ = {isa = PBXFileReference; lastKnownFileType = sourcecode.swift; path = WorkoutController.swift; sourceTree = "<group>"; };
		15192E5E2C51D3A0003CD92C /* ExerciseDetailView.swift */ = {isa = PBXFileReference; lastKnownFileType = sourcecode.swift; path = ExerciseDetailView.swift; sourceTree = "<group>"; };
		15192E602C51D645003CD92C /* NotesView.swift */ = {isa = PBXFileReference; lastKnownFileType = sourcecode.swift; path = NotesView.swift; sourceTree = "<group>"; };
		1548A42D2C4F9397000B5754 /* WorkoutGroupsView.swift */ = {isa = PBXFileReference; lastKnownFileType = sourcecode.swift; path = WorkoutGroupsView.swift; sourceTree = "<group>"; };
		1548A42F2C4F9524000B5754 /* WorkoutListView.swift */ = {isa = PBXFileReference; lastKnownFileType = sourcecode.swift; path = WorkoutListView.swift; sourceTree = "<group>"; };
		1550C7B02C52D5A200738451 /* WorkoutViewModel.swift */ = {isa = PBXFileReference; lastKnownFileType = sourcecode.swift; path = WorkoutViewModel.swift; sourceTree = "<group>"; };
		1550C7B22C52E40B00738451 /* WorkoutListController.swift */ = {isa = PBXFileReference; lastKnownFileType = sourcecode.swift; path = WorkoutListController.swift; sourceTree = "<group>"; };
		159D4B432B452BF50045360E /* ContentView.swift */ = {isa = PBXFileReference; lastKnownFileType = sourcecode.swift; path = ContentView.swift; sourceTree = "<group>"; };
		159D4B452B452C840045360E /* WorkoutsPageView.swift */ = {isa = PBXFileReference; lastKnownFileType = sourcecode.swift; path = WorkoutsPageView.swift; sourceTree = "<group>"; };
		159D4B492B452EDF0045360E /* WorkoutView.swift */ = {isa = PBXFileReference; lastKnownFileType = sourcecode.swift; path = WorkoutView.swift; sourceTree = "<group>"; };
		159D4B4C2B4531490045360E /* Workout.swift */ = {isa = PBXFileReference; lastKnownFileType = sourcecode.swift; path = Workout.swift; sourceTree = "<group>"; };
		159D4B4E2B4531930045360E /* Exercise.swift */ = {isa = PBXFileReference; lastKnownFileType = sourcecode.swift; path = Exercise.swift; sourceTree = "<group>"; };
		159D4B502B4531C10045360E /* Set.swift */ = {isa = PBXFileReference; lastKnownFileType = sourcecode.swift; path = Set.swift; sourceTree = "<group>"; };
		159D4B522B4532330045360E /* Notes.swift */ = {isa = PBXFileReference; lastKnownFileType = sourcecode.swift; path = Notes.swift; sourceTree = "<group>"; };
		159D4B552B4537CC0045360E /* WorkoutsViewModel.swift */ = {isa = PBXFileReference; lastKnownFileType = sourcecode.swift; path = WorkoutsViewModel.swift; sourceTree = "<group>"; };
		159D4B572B4540A80045360E /* ExerciseCardView.swift */ = {isa = PBXFileReference; lastKnownFileType = sourcecode.swift; path = ExerciseCardView.swift; sourceTree = "<group>"; };
		159D4B592B4541D40045360E /* SetDetailView.swift */ = {isa = PBXFileReference; lastKnownFileType = sourcecode.swift; path = SetDetailView.swift; sourceTree = "<group>"; };
		15AFA78F2C4F793D00F6B482 /* WorkoutGroupsController.swift */ = {isa = PBXFileReference; lastKnownFileType = sourcecode.swift; path = WorkoutGroupsController.swift; sourceTree = "<group>"; };
		15AFA7912C4F7E0500F6B482 /* YearMonth.swift */ = {isa = PBXFileReference; lastKnownFileType = sourcecode.swift; path = YearMonth.swift; sourceTree = "<group>"; };
		15AFA7932C4F7F2D00F6B482 /* DateService.swift */ = {isa = PBXFileReference; lastKnownFileType = sourcecode.swift; path = DateService.swift; sourceTree = "<group>"; };
		15B0A6842C55BCE50050A0C3 /* RealmService.swift */ = {isa = PBXFileReference; lastKnownFileType = sourcecode.swift; path = RealmService.swift; sourceTree = "<group>"; };
		15B0A6862C55C2090050A0C3 /* ExerciseViewModel.swift */ = {isa = PBXFileReference; lastKnownFileType = sourcecode.swift; path = ExerciseViewModel.swift; sourceTree = "<group>"; };
		15B0A6882C55CD5B0050A0C3 /* SetViewModel.swift */ = {isa = PBXFileReference; lastKnownFileType = sourcecode.swift; path = SetViewModel.swift; sourceTree = "<group>"; };
		15DA47C92B36A2D400FF6C95 /* GymApp.app */ = {isa = PBXFileReference; explicitFileType = wrapper.application; includeInIndex = 0; path = GymApp.app; sourceTree = BUILT_PRODUCTS_DIR; };
		15DA47CC2B36A2D400FF6C95 /* GymAppApp.swift */ = {isa = PBXFileReference; lastKnownFileType = sourcecode.swift; path = GymAppApp.swift; sourceTree = "<group>"; };
		15DA47D02B36A2D700FF6C95 /* Assets.xcassets */ = {isa = PBXFileReference; lastKnownFileType = folder.assetcatalog; path = Assets.xcassets; sourceTree = "<group>"; };
		15DA47D22B36A2D700FF6C95 /* GymApp.entitlements */ = {isa = PBXFileReference; lastKnownFileType = text.plist.entitlements; path = GymApp.entitlements; sourceTree = "<group>"; };
		15DA47D42B36A2D700FF6C95 /* Preview Assets.xcassets */ = {isa = PBXFileReference; lastKnownFileType = folder.assetcatalog; path = "Preview Assets.xcassets"; sourceTree = "<group>"; };
		15DA47DA2B36A2D800FF6C95 /* GymAppTests.xctest */ = {isa = PBXFileReference; explicitFileType = wrapper.cfbundle; includeInIndex = 0; path = GymAppTests.xctest; sourceTree = BUILT_PRODUCTS_DIR; };
		15DA47DE2B36A2D800FF6C95 /* GymAppTests.swift */ = {isa = PBXFileReference; lastKnownFileType = sourcecode.swift; path = GymAppTests.swift; sourceTree = "<group>"; };
		15DA47E42B36A2D800FF6C95 /* GymAppUITests.xctest */ = {isa = PBXFileReference; explicitFileType = wrapper.cfbundle; includeInIndex = 0; path = GymAppUITests.xctest; sourceTree = BUILT_PRODUCTS_DIR; };
		15DA47E82B36A2D800FF6C95 /* GymAppUITests.swift */ = {isa = PBXFileReference; lastKnownFileType = sourcecode.swift; path = GymAppUITests.swift; sourceTree = "<group>"; };
		15DA47EA2B36A2D800FF6C95 /* GymAppUITestsLaunchTests.swift */ = {isa = PBXFileReference; lastKnownFileType = sourcecode.swift; path = GymAppUITestsLaunchTests.swift; sourceTree = "<group>"; };
		15DF735F2C4DF4C200C4F98D /* WorkoutServiceTests.swift */ = {isa = PBXFileReference; lastKnownFileType = sourcecode.swift; path = WorkoutServiceTests.swift; sourceTree = "<group>"; };
/* End PBXFileReference section */

/* Begin PBXFrameworksBuildPhase section */
		15DA47C62B36A2D400FF6C95 /* Frameworks */ = {
			isa = PBXFrameworksBuildPhase;
			buildActionMask = 2147483647;
			files = (
				15B9BA172C55B3F40000F832 /* RealmSwift in Frameworks */,
			);
			runOnlyForDeploymentPostprocessing = 0;
		};
		15DA47D72B36A2D800FF6C95 /* Frameworks */ = {
			isa = PBXFrameworksBuildPhase;
			buildActionMask = 2147483647;
			files = (
				15B9BA1E2C55B5DD0000F832 /* RealmSwift in Frameworks */,
			);
			runOnlyForDeploymentPostprocessing = 0;
		};
		15DA47E12B36A2D800FF6C95 /* Frameworks */ = {
			isa = PBXFrameworksBuildPhase;
			buildActionMask = 2147483647;
			files = (
				15B9BA252C55B5E30000F832 /* RealmSwift in Frameworks */,
			);
			runOnlyForDeploymentPostprocessing = 0;
		};
/* End PBXFrameworksBuildPhase section */

/* Begin PBXGroup section */
		159D4B422B4270630045360E /* Views */ = {
			isa = PBXGroup;
			children = (
				159D4B432B452BF50045360E /* ContentView.swift */,
				159D4B452B452C840045360E /* WorkoutsPageView.swift */,
				1548A42D2C4F9397000B5754 /* WorkoutGroupsView.swift */,
				1548A42F2C4F9524000B5754 /* WorkoutListView.swift */,
				159D4B492B452EDF0045360E /* WorkoutView.swift */,
				159D4B572B4540A80045360E /* ExerciseCardView.swift */,
				15192E5E2C51D3A0003CD92C /* ExerciseDetailView.swift */,
				159D4B592B4541D40045360E /* SetDetailView.swift */,
				15192E602C51D645003CD92C /* NotesView.swift */,
			);
			path = Views;
			sourceTree = "<group>";
		};
		159D4B4B2B45312D0045360E /* Models */ = {
			isa = PBXGroup;
			children = (
				159D4B4C2B4531490045360E /* Workout.swift */,
				159D4B4E2B4531930045360E /* Exercise.swift */,
				159D4B502B4531C10045360E /* Set.swift */,
				159D4B522B4532330045360E /* Notes.swift */,
				15AFA7912C4F7E0500F6B482 /* YearMonth.swift */,
			);
			path = Models;
			sourceTree = "<group>";
		};
		159D4B542B4537B30045360E /* ViewModels */ = {
			isa = PBXGroup;
			children = (
				159D4B552B4537CC0045360E /* WorkoutsViewModel.swift */,
				1550C7B02C52D5A200738451 /* WorkoutViewModel.swift */,
				15B0A6862C55C2090050A0C3 /* ExerciseViewModel.swift */,
				15B0A6882C55CD5B0050A0C3 /* SetViewModel.swift */,
			);
			path = ViewModels;
			sourceTree = "<group>";
		};
		159D4B5F2B48E1AF0045360E /* Services */ = {
			isa = PBXGroup;
			children = (
				15AFA7932C4F7F2D00F6B482 /* DateService.swift */,
				15B0A6842C55BCE50050A0C3 /* RealmService.swift */,
			);
			path = Services;
			sourceTree = "<group>";
		};
		15AFA78E2C4F792800F6B482 /* Controllers */ = {
			isa = PBXGroup;
			children = (
				15AFA78F2C4F793D00F6B482 /* WorkoutGroupsController.swift */,
				1550C7B22C52E40B00738451 /* WorkoutListController.swift */,
				15189FF42C51C41800547F61 /* WorkoutController.swift */,
			);
			path = Controllers;
			sourceTree = "<group>";
		};
		15B9BA122C55B3F40000F832 /* Frameworks */ = {
			isa = PBXGroup;
			children = (
			);
			name = Frameworks;
			sourceTree = "<group>";
		};
		15DA47C02B36A2D400FF6C95 = {
			isa = PBXGroup;
			children = (
				15DA47CB2B36A2D400FF6C95 /* GymApp */,
				15DA47DD2B36A2D800FF6C95 /* GymAppTests */,
				15DA47E72B36A2D800FF6C95 /* GymAppUITests */,
				15DA47CA2B36A2D400FF6C95 /* Products */,
				15B9BA122C55B3F40000F832 /* Frameworks */,
			);
			sourceTree = "<group>";
		};
		15DA47CA2B36A2D400FF6C95 /* Products */ = {
			isa = PBXGroup;
			children = (
				15DA47C92B36A2D400FF6C95 /* GymApp.app */,
				15DA47DA2B36A2D800FF6C95 /* GymAppTests.xctest */,
				15DA47E42B36A2D800FF6C95 /* GymAppUITests.xctest */,
			);
			name = Products;
			sourceTree = "<group>";
		};
		15DA47CB2B36A2D400FF6C95 /* GymApp */ = {
			isa = PBXGroup;
			children = (
				15AFA78E2C4F792800F6B482 /* Controllers */,
				159D4B5F2B48E1AF0045360E /* Services */,
				159D4B542B4537B30045360E /* ViewModels */,
				159D4B4B2B45312D0045360E /* Models */,
				159D4B422B4270630045360E /* Views */,
				15DA47CC2B36A2D400FF6C95 /* GymAppApp.swift */,
				15DA47D02B36A2D700FF6C95 /* Assets.xcassets */,
				15DA47D22B36A2D700FF6C95 /* GymApp.entitlements */,
				15DA47D32B36A2D700FF6C95 /* Preview Content */,
			);
			path = GymApp;
			sourceTree = "<group>";
		};
		15DA47D32B36A2D700FF6C95 /* Preview Content */ = {
			isa = PBXGroup;
			children = (
				15DA47D42B36A2D700FF6C95 /* Preview Assets.xcassets */,
			);
			path = "Preview Content";
			sourceTree = "<group>";
		};
		15DA47DD2B36A2D800FF6C95 /* GymAppTests */ = {
			isa = PBXGroup;
			children = (
				15DA47DE2B36A2D800FF6C95 /* GymAppTests.swift */,
				15DF735F2C4DF4C200C4F98D /* WorkoutServiceTests.swift */,
			);
			path = GymAppTests;
			sourceTree = "<group>";
		};
		15DA47E72B36A2D800FF6C95 /* GymAppUITests */ = {
			isa = PBXGroup;
			children = (
				15DA47E82B36A2D800FF6C95 /* GymAppUITests.swift */,
				15DA47EA2B36A2D800FF6C95 /* GymAppUITestsLaunchTests.swift */,
			);
			path = GymAppUITests;
			sourceTree = "<group>";
		};
/* End PBXGroup section */

/* Begin PBXNativeTarget section */
		15DA47C82B36A2D400FF6C95 /* GymApp */ = {
			isa = PBXNativeTarget;
			buildConfigurationList = 15DA47EE2B36A2D800FF6C95 /* Build configuration list for PBXNativeTarget "GymApp" */;
			buildPhases = (
				15DA47C52B36A2D400FF6C95 /* Sources */,
				15DA47C62B36A2D400FF6C95 /* Frameworks */,
				15DA47C72B36A2D400FF6C95 /* Resources */,
				15B9BA192C55B3F40000F832 /* Embed Frameworks */,
			);
			buildRules = (
			);
			dependencies = (
				15B9BA292C55B6B60000F832 /* PBXTargetDependency */,
				15B9BA2B2C55B6B60000F832 /* PBXTargetDependency */,
			);
			name = GymApp;
			packageProductDependencies = (
				15B9BA162C55B3F40000F832 /* RealmSwift */,
			);
			productName = GymApp;
			productReference = 15DA47C92B36A2D400FF6C95 /* GymApp.app */;
			productType = "com.apple.product-type.application";
		};
		15DA47D92B36A2D800FF6C95 /* GymAppTests */ = {
			isa = PBXNativeTarget;
			buildConfigurationList = 15DA47F12B36A2D800FF6C95 /* Build configuration list for PBXNativeTarget "GymAppTests" */;
			buildPhases = (
				15DA47D62B36A2D800FF6C95 /* Sources */,
				15DA47D72B36A2D800FF6C95 /* Frameworks */,
				15DA47D82B36A2D800FF6C95 /* Resources */,
				15B9BA202C55B5DD0000F832 /* Embed Frameworks */,
			);
			buildRules = (
			);
			dependencies = (
				15B9BA2D2C55B6D60000F832 /* PBXTargetDependency */,
				15B9BA2F2C55B6D60000F832 /* PBXTargetDependency */,
				15DA47DC2B36A2D800FF6C95 /* PBXTargetDependency */,
			);
			name = GymAppTests;
			packageProductDependencies = (
				15B9BA1D2C55B5DD0000F832 /* RealmSwift */,
			);
			productName = GymAppTests;
			productReference = 15DA47DA2B36A2D800FF6C95 /* GymAppTests.xctest */;
			productType = "com.apple.product-type.bundle.unit-test";
		};
		15DA47E32B36A2D800FF6C95 /* GymAppUITests */ = {
			isa = PBXNativeTarget;
			buildConfigurationList = 15DA47F42B36A2D800FF6C95 /* Build configuration list for PBXNativeTarget "GymAppUITests" */;
			buildPhases = (
				15DA47E02B36A2D800FF6C95 /* Sources */,
				15DA47E12B36A2D800FF6C95 /* Frameworks */,
				15DA47E22B36A2D800FF6C95 /* Resources */,
				15B9BA272C55B5E30000F832 /* Embed Frameworks */,
			);
			buildRules = (
			);
			dependencies = (
				15B9BA312C55B6DB0000F832 /* PBXTargetDependency */,
				15B9BA332C55B6DB0000F832 /* PBXTargetDependency */,
				15DA47E62B36A2D800FF6C95 /* PBXTargetDependency */,
			);
			name = GymAppUITests;
			packageProductDependencies = (
				15B9BA242C55B5E30000F832 /* RealmSwift */,
			);
			productName = GymAppUITests;
			productReference = 15DA47E42B36A2D800FF6C95 /* GymAppUITests.xctest */;
			productType = "com.apple.product-type.bundle.ui-testing";
		};
/* End PBXNativeTarget section */

/* Begin PBXProject section */
		15DA47C12B36A2D400FF6C95 /* Project object */ = {
			isa = PBXProject;
			attributes = {
				BuildIndependentTargetsInParallel = 1;
				LastSwiftUpdateCheck = 1510;
				LastUpgradeCheck = 1510;
				TargetAttributes = {
					15DA47C82B36A2D400FF6C95 = {
						CreatedOnToolsVersion = 15.1;
					};
					15DA47D92B36A2D800FF6C95 = {
						CreatedOnToolsVersion = 15.1;
						TestTargetID = 15DA47C82B36A2D400FF6C95;
					};
					15DA47E32B36A2D800FF6C95 = {
						CreatedOnToolsVersion = 15.1;
						TestTargetID = 15DA47C82B36A2D400FF6C95;
					};
				};
			};
			buildConfigurationList = 15DA47C42B36A2D400FF6C95 /* Build configuration list for PBXProject "GymApp" */;
			compatibilityVersion = "Xcode 14.0";
			developmentRegion = en;
			hasScannedForEncodings = 0;
			knownRegions = (
				en,
				Base,
			);
			mainGroup = 15DA47C02B36A2D400FF6C95;
			packageReferences = (
				15CB48E62C55AEB7006BB7BD /* XCRemoteSwiftPackageReference "realm-cocoa" */,
			);
			productRefGroup = 15DA47CA2B36A2D400FF6C95 /* Products */;
			projectDirPath = "";
			projectRoot = "";
			targets = (
				15DA47C82B36A2D400FF6C95 /* GymApp */,
				15DA47D92B36A2D800FF6C95 /* GymAppTests */,
				15DA47E32B36A2D800FF6C95 /* GymAppUITests */,
			);
		};
/* End PBXProject section */

/* Begin PBXResourcesBuildPhase section */
		15DA47C72B36A2D400FF6C95 /* Resources */ = {
			isa = PBXResourcesBuildPhase;
			buildActionMask = 2147483647;
			files = (
				15DA47D52B36A2D700FF6C95 /* Preview Assets.xcassets in Resources */,
				15DA47D12B36A2D700FF6C95 /* Assets.xcassets in Resources */,
			);
			runOnlyForDeploymentPostprocessing = 0;
		};
		15DA47D82B36A2D800FF6C95 /* Resources */ = {
			isa = PBXResourcesBuildPhase;
			buildActionMask = 2147483647;
			files = (
			);
			runOnlyForDeploymentPostprocessing = 0;
		};
		15DA47E22B36A2D800FF6C95 /* Resources */ = {
			isa = PBXResourcesBuildPhase;
			buildActionMask = 2147483647;
			files = (
			);
			runOnlyForDeploymentPostprocessing = 0;
		};
/* End PBXResourcesBuildPhase section */

/* Begin PBXSourcesBuildPhase section */
		15DA47C52B36A2D400FF6C95 /* Sources */ = {
			isa = PBXSourcesBuildPhase;
			buildActionMask = 2147483647;
			files = (
				159D4B512B4531C10045360E /* Set.swift in Sources */,
				15B0A6852C55BCE50050A0C3 /* RealmService.swift in Sources */,
				15192E5F2C51D3A0003CD92C /* ExerciseDetailView.swift in Sources */,
				15AFA7922C4F7E0500F6B482 /* YearMonth.swift in Sources */,
				15DA47CD2B36A2D400FF6C95 /* GymAppApp.swift in Sources */,
				159D4B4A2B452EDF0045360E /* WorkoutView.swift in Sources */,
				1550C7B32C52E40B00738451 /* WorkoutListController.swift in Sources */,
				159D4B462B452C840045360E /* WorkoutsPageView.swift in Sources */,
				1550C7B12C52D5A200738451 /* WorkoutViewModel.swift in Sources */,
				15AFA7902C4F793D00F6B482 /* WorkoutGroupsController.swift in Sources */,
				159D4B562B4537CC0045360E /* WorkoutsViewModel.swift in Sources */,
				15189FF52C51C41800547F61 /* WorkoutController.swift in Sources */,
				1548A42E2C4F9397000B5754 /* WorkoutGroupsView.swift in Sources */,
				159D4B442B452BF50045360E /* ContentView.swift in Sources */,
				159D4B532B4532330045360E /* Notes.swift in Sources */,
				159D4B5A2B4541D40045360E /* SetDetailView.swift in Sources */,
				15192E612C51D645003CD92C /* NotesView.swift in Sources */,
				15B0A6872C55C2090050A0C3 /* ExerciseViewModel.swift in Sources */,
				159D4B582B4540A80045360E /* ExerciseCardView.swift in Sources */,
				159D4B4F2B4531930045360E /* Exercise.swift in Sources */,
				1548A4302C4F9524000B5754 /* WorkoutListView.swift in Sources */,
				15B0A6892C55CD5B0050A0C3 /* SetViewModel.swift in Sources */,
				159D4B4D2B4531490045360E /* Workout.swift in Sources */,
				15AFA7942C4F7F2D00F6B482 /* DateService.swift in Sources */,
			);
			runOnlyForDeploymentPostprocessing = 0;
		};
		15DA47D62B36A2D800FF6C95 /* Sources */ = {
			isa = PBXSourcesBuildPhase;
			buildActionMask = 2147483647;
			files = (
				15DA47DF2B36A2D800FF6C95 /* GymAppTests.swift in Sources */,
				15DF73602C4DF4C200C4F98D /* WorkoutServiceTests.swift in Sources */,
			);
			runOnlyForDeploymentPostprocessing = 0;
		};
		15DA47E02B36A2D800FF6C95 /* Sources */ = {
			isa = PBXSourcesBuildPhase;
			buildActionMask = 2147483647;
			files = (
				15DA47EB2B36A2D800FF6C95 /* GymAppUITestsLaunchTests.swift in Sources */,
				15DA47E92B36A2D800FF6C95 /* GymAppUITests.swift in Sources */,
			);
			runOnlyForDeploymentPostprocessing = 0;
		};
/* End PBXSourcesBuildPhase section */

/* Begin PBXTargetDependency section */
		15B9BA292C55B6B60000F832 /* PBXTargetDependency */ = {
			isa = PBXTargetDependency;
			productRef = 15B9BA282C55B6B60000F832 /* Realm */;
		};
		15B9BA2B2C55B6B60000F832 /* PBXTargetDependency */ = {
			isa = PBXTargetDependency;
			productRef = 15B9BA2A2C55B6B60000F832 /* RealmSwift */;
		};
		15B9BA2D2C55B6D60000F832 /* PBXTargetDependency */ = {
			isa = PBXTargetDependency;
			productRef = 15B9BA2C2C55B6D60000F832 /* Realm */;
		};
		15B9BA2F2C55B6D60000F832 /* PBXTargetDependency */ = {
			isa = PBXTargetDependency;
			productRef = 15B9BA2E2C55B6D60000F832 /* RealmSwift */;
		};
		15B9BA312C55B6DB0000F832 /* PBXTargetDependency */ = {
			isa = PBXTargetDependency;
			productRef = 15B9BA302C55B6DB0000F832 /* Realm */;
		};
		15B9BA332C55B6DB0000F832 /* PBXTargetDependency */ = {
			isa = PBXTargetDependency;
			productRef = 15B9BA322C55B6DB0000F832 /* RealmSwift */;
		};
		15DA47DC2B36A2D800FF6C95 /* PBXTargetDependency */ = {
			isa = PBXTargetDependency;
			target = 15DA47C82B36A2D400FF6C95 /* GymApp */;
			targetProxy = 15DA47DB2B36A2D800FF6C95 /* PBXContainerItemProxy */;
		};
		15DA47E62B36A2D800FF6C95 /* PBXTargetDependency */ = {
			isa = PBXTargetDependency;
			target = 15DA47C82B36A2D400FF6C95 /* GymApp */;
			targetProxy = 15DA47E52B36A2D800FF6C95 /* PBXContainerItemProxy */;
		};
/* End PBXTargetDependency section */

/* Begin XCBuildConfiguration section */
		15DA47EC2B36A2D800FF6C95 /* Debug */ = {
			isa = XCBuildConfiguration;
			buildSettings = {
				ALWAYS_SEARCH_USER_PATHS = NO;
				ASSETCATALOG_COMPILER_GENERATE_SWIFT_ASSET_SYMBOL_EXTENSIONS = YES;
				CLANG_ANALYZER_NONNULL = YES;
				CLANG_ANALYZER_NUMBER_OBJECT_CONVERSION = YES_AGGRESSIVE;
				CLANG_CXX_LANGUAGE_STANDARD = "gnu++20";
				CLANG_ENABLE_MODULES = YES;
				CLANG_ENABLE_OBJC_ARC = YES;
				CLANG_ENABLE_OBJC_WEAK = YES;
				CLANG_WARN_BLOCK_CAPTURE_AUTORELEASING = YES;
				CLANG_WARN_BOOL_CONVERSION = YES;
				CLANG_WARN_COMMA = YES;
				CLANG_WARN_CONSTANT_CONVERSION = YES;
				CLANG_WARN_DEPRECATED_OBJC_IMPLEMENTATIONS = YES;
				CLANG_WARN_DIRECT_OBJC_ISA_USAGE = YES_ERROR;
				CLANG_WARN_DOCUMENTATION_COMMENTS = YES;
				CLANG_WARN_EMPTY_BODY = YES;
				CLANG_WARN_ENUM_CONVERSION = YES;
				CLANG_WARN_INFINITE_RECURSION = YES;
				CLANG_WARN_INT_CONVERSION = YES;
				CLANG_WARN_NON_LITERAL_NULL_CONVERSION = YES;
				CLANG_WARN_OBJC_IMPLICIT_RETAIN_SELF = YES;
				CLANG_WARN_OBJC_LITERAL_CONVERSION = YES;
				CLANG_WARN_OBJC_ROOT_CLASS = YES_ERROR;
				CLANG_WARN_QUOTED_INCLUDE_IN_FRAMEWORK_HEADER = YES;
				CLANG_WARN_RANGE_LOOP_ANALYSIS = YES;
				CLANG_WARN_STRICT_PROTOTYPES = YES;
				CLANG_WARN_SUSPICIOUS_MOVE = YES;
				CLANG_WARN_UNGUARDED_AVAILABILITY = YES_AGGRESSIVE;
				CLANG_WARN_UNREACHABLE_CODE = YES;
				CLANG_WARN__DUPLICATE_METHOD_MATCH = YES;
				COPY_PHASE_STRIP = NO;
				DEBUG_INFORMATION_FORMAT = dwarf;
				ENABLE_STRICT_OBJC_MSGSEND = YES;
				ENABLE_TESTABILITY = YES;
				ENABLE_USER_SCRIPT_SANDBOXING = YES;
				GCC_C_LANGUAGE_STANDARD = gnu17;
				GCC_DYNAMIC_NO_PIC = NO;
				GCC_NO_COMMON_BLOCKS = YES;
				GCC_OPTIMIZATION_LEVEL = 0;
				GCC_PREPROCESSOR_DEFINITIONS = (
					"DEBUG=1",
					"$(inherited)",
				);
				GCC_WARN_64_TO_32_BIT_CONVERSION = YES;
				GCC_WARN_ABOUT_RETURN_TYPE = YES_ERROR;
				GCC_WARN_UNDECLARED_SELECTOR = YES;
				GCC_WARN_UNINITIALIZED_AUTOS = YES_AGGRESSIVE;
				GCC_WARN_UNUSED_FUNCTION = YES;
				GCC_WARN_UNUSED_VARIABLE = YES;
				LOCALIZATION_PREFERS_STRING_CATALOGS = YES;
				MTL_ENABLE_DEBUG_INFO = INCLUDE_SOURCE;
				MTL_FAST_MATH = YES;
				ONLY_ACTIVE_ARCH = YES;
				SWIFT_ACTIVE_COMPILATION_CONDITIONS = "DEBUG $(inherited)";
				SWIFT_OPTIMIZATION_LEVEL = "-Onone";
			};
			name = Debug;
		};
		15DA47ED2B36A2D800FF6C95 /* Release */ = {
			isa = XCBuildConfiguration;
			buildSettings = {
				ALWAYS_SEARCH_USER_PATHS = NO;
				ASSETCATALOG_COMPILER_GENERATE_SWIFT_ASSET_SYMBOL_EXTENSIONS = YES;
				CLANG_ANALYZER_NONNULL = YES;
				CLANG_ANALYZER_NUMBER_OBJECT_CONVERSION = YES_AGGRESSIVE;
				CLANG_CXX_LANGUAGE_STANDARD = "gnu++20";
				CLANG_ENABLE_MODULES = YES;
				CLANG_ENABLE_OBJC_ARC = YES;
				CLANG_ENABLE_OBJC_WEAK = YES;
				CLANG_WARN_BLOCK_CAPTURE_AUTORELEASING = YES;
				CLANG_WARN_BOOL_CONVERSION = YES;
				CLANG_WARN_COMMA = YES;
				CLANG_WARN_CONSTANT_CONVERSION = YES;
				CLANG_WARN_DEPRECATED_OBJC_IMPLEMENTATIONS = YES;
				CLANG_WARN_DIRECT_OBJC_ISA_USAGE = YES_ERROR;
				CLANG_WARN_DOCUMENTATION_COMMENTS = YES;
				CLANG_WARN_EMPTY_BODY = YES;
				CLANG_WARN_ENUM_CONVERSION = YES;
				CLANG_WARN_INFINITE_RECURSION = YES;
				CLANG_WARN_INT_CONVERSION = YES;
				CLANG_WARN_NON_LITERAL_NULL_CONVERSION = YES;
				CLANG_WARN_OBJC_IMPLICIT_RETAIN_SELF = YES;
				CLANG_WARN_OBJC_LITERAL_CONVERSION = YES;
				CLANG_WARN_OBJC_ROOT_CLASS = YES_ERROR;
				CLANG_WARN_QUOTED_INCLUDE_IN_FRAMEWORK_HEADER = YES;
				CLANG_WARN_RANGE_LOOP_ANALYSIS = YES;
				CLANG_WARN_STRICT_PROTOTYPES = YES;
				CLANG_WARN_SUSPICIOUS_MOVE = YES;
				CLANG_WARN_UNGUARDED_AVAILABILITY = YES_AGGRESSIVE;
				CLANG_WARN_UNREACHABLE_CODE = YES;
				CLANG_WARN__DUPLICATE_METHOD_MATCH = YES;
				COPY_PHASE_STRIP = NO;
				DEBUG_INFORMATION_FORMAT = "dwarf-with-dsym";
				ENABLE_NS_ASSERTIONS = NO;
				ENABLE_STRICT_OBJC_MSGSEND = YES;
				ENABLE_USER_SCRIPT_SANDBOXING = YES;
				GCC_C_LANGUAGE_STANDARD = gnu17;
				GCC_NO_COMMON_BLOCKS = YES;
				GCC_WARN_64_TO_32_BIT_CONVERSION = YES;
				GCC_WARN_ABOUT_RETURN_TYPE = YES_ERROR;
				GCC_WARN_UNDECLARED_SELECTOR = YES;
				GCC_WARN_UNINITIALIZED_AUTOS = YES_AGGRESSIVE;
				GCC_WARN_UNUSED_FUNCTION = YES;
				GCC_WARN_UNUSED_VARIABLE = YES;
				LOCALIZATION_PREFERS_STRING_CATALOGS = YES;
				MTL_ENABLE_DEBUG_INFO = NO;
				MTL_FAST_MATH = YES;
				SWIFT_COMPILATION_MODE = wholemodule;
			};
			name = Release;
		};
		15DA47EF2B36A2D800FF6C95 /* Debug */ = {
			isa = XCBuildConfiguration;
			buildSettings = {
				ASSETCATALOG_COMPILER_APPICON_NAME = AppIcon;
				ASSETCATALOG_COMPILER_GLOBAL_ACCENT_COLOR_NAME = AccentColor;
				CODE_SIGN_ENTITLEMENTS = GymApp/GymApp.entitlements;
				CODE_SIGN_IDENTITY = "Apple Development";
				CODE_SIGN_STYLE = Automatic;
				CURRENT_PROJECT_VERSION = 1;
				DEVELOPMENT_ASSET_PATHS = "\"GymApp/Preview Content\"";
				DEVELOPMENT_TEAM = N88HH72T27;
				ENABLE_HARDENED_RUNTIME = YES;
				ENABLE_PREVIEWS = YES;
				GENERATE_INFOPLIST_FILE = YES;
				"INFOPLIST_KEY_UIApplicationSceneManifest_Generation[sdk=iphoneos*]" = YES;
				"INFOPLIST_KEY_UIApplicationSceneManifest_Generation[sdk=iphonesimulator*]" = YES;
				"INFOPLIST_KEY_UIApplicationSupportsIndirectInputEvents[sdk=iphoneos*]" = YES;
				"INFOPLIST_KEY_UIApplicationSupportsIndirectInputEvents[sdk=iphonesimulator*]" = YES;
				"INFOPLIST_KEY_UILaunchScreen_Generation[sdk=iphoneos*]" = YES;
				"INFOPLIST_KEY_UILaunchScreen_Generation[sdk=iphonesimulator*]" = YES;
				"INFOPLIST_KEY_UIStatusBarStyle[sdk=iphoneos*]" = UIStatusBarStyleDefault;
				"INFOPLIST_KEY_UIStatusBarStyle[sdk=iphonesimulator*]" = UIStatusBarStyleDefault;
				INFOPLIST_KEY_UISupportedInterfaceOrientations_iPad = "UIInterfaceOrientationPortrait UIInterfaceOrientationPortraitUpsideDown UIInterfaceOrientationLandscapeLeft UIInterfaceOrientationLandscapeRight";
				INFOPLIST_KEY_UISupportedInterfaceOrientations_iPhone = "UIInterfaceOrientationPortrait UIInterfaceOrientationLandscapeLeft UIInterfaceOrientationLandscapeRight";
				IPHONEOS_DEPLOYMENT_TARGET = 17.2;
				LD_RUNPATH_SEARCH_PATHS = "@executable_path/Frameworks";
				"LD_RUNPATH_SEARCH_PATHS[sdk=macosx*]" = "@executable_path/../Frameworks";
				MACOSX_DEPLOYMENT_TARGET = 14.2;
				MARKETING_VERSION = 1.0;
				PRODUCT_BUNDLE_IDENTIFIER = logan.GymApp;
				PRODUCT_NAME = "$(TARGET_NAME)";
				PROVISIONING_PROFILE_SPECIFIER = "";
				SDKROOT = auto;
				SUPPORTED_PLATFORMS = "iphoneos iphonesimulator macosx";
				SWIFT_EMIT_LOC_STRINGS = YES;
				SWIFT_VERSION = 5.0;
				TARGETED_DEVICE_FAMILY = "1,2";
			};
			name = Debug;
		};
		15DA47F02B36A2D800FF6C95 /* Release */ = {
			isa = XCBuildConfiguration;
			buildSettings = {
				ASSETCATALOG_COMPILER_APPICON_NAME = AppIcon;
				ASSETCATALOG_COMPILER_GLOBAL_ACCENT_COLOR_NAME = AccentColor;
				CODE_SIGN_ENTITLEMENTS = GymApp/GymApp.entitlements;
				CODE_SIGN_IDENTITY = "Apple Development";
				CODE_SIGN_STYLE = Automatic;
				CURRENT_PROJECT_VERSION = 1;
				DEVELOPMENT_ASSET_PATHS = "\"GymApp/Preview Content\"";
				DEVELOPMENT_TEAM = N88HH72T27;
				ENABLE_HARDENED_RUNTIME = YES;
				ENABLE_PREVIEWS = YES;
				GENERATE_INFOPLIST_FILE = YES;
				"INFOPLIST_KEY_UIApplicationSceneManifest_Generation[sdk=iphoneos*]" = YES;
				"INFOPLIST_KEY_UIApplicationSceneManifest_Generation[sdk=iphonesimulator*]" = YES;
				"INFOPLIST_KEY_UIApplicationSupportsIndirectInputEvents[sdk=iphoneos*]" = YES;
				"INFOPLIST_KEY_UIApplicationSupportsIndirectInputEvents[sdk=iphonesimulator*]" = YES;
				"INFOPLIST_KEY_UILaunchScreen_Generation[sdk=iphoneos*]" = YES;
				"INFOPLIST_KEY_UILaunchScreen_Generation[sdk=iphonesimulator*]" = YES;
				"INFOPLIST_KEY_UIStatusBarStyle[sdk=iphoneos*]" = UIStatusBarStyleDefault;
				"INFOPLIST_KEY_UIStatusBarStyle[sdk=iphonesimulator*]" = UIStatusBarStyleDefault;
				INFOPLIST_KEY_UISupportedInterfaceOrientations_iPad = "UIInterfaceOrientationPortrait UIInterfaceOrientationPortraitUpsideDown UIInterfaceOrientationLandscapeLeft UIInterfaceOrientationLandscapeRight";
				INFOPLIST_KEY_UISupportedInterfaceOrientations_iPhone = "UIInterfaceOrientationPortrait UIInterfaceOrientationLandscapeLeft UIInterfaceOrientationLandscapeRight";
				IPHONEOS_DEPLOYMENT_TARGET = 17.2;
				LD_RUNPATH_SEARCH_PATHS = "@executable_path/Frameworks";
				"LD_RUNPATH_SEARCH_PATHS[sdk=macosx*]" = "@executable_path/../Frameworks";
				MACOSX_DEPLOYMENT_TARGET = 14.2;
				MARKETING_VERSION = 1.0;
				PRODUCT_BUNDLE_IDENTIFIER = logan.GymApp;
				PRODUCT_NAME = "$(TARGET_NAME)";
				PROVISIONING_PROFILE_SPECIFIER = "";
				SDKROOT = auto;
				SUPPORTED_PLATFORMS = "iphoneos iphonesimulator macosx";
				SWIFT_EMIT_LOC_STRINGS = YES;
				SWIFT_VERSION = 5.0;
				TARGETED_DEVICE_FAMILY = "1,2";
			};
			name = Release;
		};
		15DA47F22B36A2D800FF6C95 /* Debug */ = {
			isa = XCBuildConfiguration;
			buildSettings = {
				ALWAYS_EMBED_SWIFT_STANDARD_LIBRARIES = YES;
				BUNDLE_LOADER = "$(TEST_HOST)";
				CODE_SIGN_STYLE = Automatic;
				CURRENT_PROJECT_VERSION = 1;
				DEVELOPMENT_TEAM = N88HH72T27;
				GENERATE_INFOPLIST_FILE = YES;
				IPHONEOS_DEPLOYMENT_TARGET = 17.2;
				MACOSX_DEPLOYMENT_TARGET = 14.2;
				MARKETING_VERSION = 1.0;
				PRODUCT_BUNDLE_IDENTIFIER = lopro.GymAppTests;
				PRODUCT_NAME = "$(TARGET_NAME)";
				SDKROOT = auto;
				SUPPORTED_PLATFORMS = "iphoneos iphonesimulator macosx";
				SWIFT_EMIT_LOC_STRINGS = NO;
				SWIFT_VERSION = 5.0;
				TARGETED_DEVICE_FAMILY = "1,2";
				TEST_HOST = "$(BUILT_PRODUCTS_DIR)/GymApp.app/$(BUNDLE_EXECUTABLE_FOLDER_PATH)/GymApp";
			};
			name = Debug;
		};
		15DA47F32B36A2D800FF6C95 /* Release */ = {
			isa = XCBuildConfiguration;
			buildSettings = {
				ALWAYS_EMBED_SWIFT_STANDARD_LIBRARIES = YES;
				BUNDLE_LOADER = "$(TEST_HOST)";
				CODE_SIGN_STYLE = Automatic;
				CURRENT_PROJECT_VERSION = 1;
				DEVELOPMENT_TEAM = N88HH72T27;
				GENERATE_INFOPLIST_FILE = YES;
				IPHONEOS_DEPLOYMENT_TARGET = 17.2;
				MACOSX_DEPLOYMENT_TARGET = 14.2;
				MARKETING_VERSION = 1.0;
				PRODUCT_BUNDLE_IDENTIFIER = lopro.GymAppTests;
				PRODUCT_NAME = "$(TARGET_NAME)";
				SDKROOT = auto;
				SUPPORTED_PLATFORMS = "iphoneos iphonesimulator macosx";
				SWIFT_EMIT_LOC_STRINGS = NO;
				SWIFT_VERSION = 5.0;
				TARGETED_DEVICE_FAMILY = "1,2";
				TEST_HOST = "$(BUILT_PRODUCTS_DIR)/GymApp.app/$(BUNDLE_EXECUTABLE_FOLDER_PATH)/GymApp";
			};
			name = Release;
		};
		15DA47F52B36A2D800FF6C95 /* Debug */ = {
			isa = XCBuildConfiguration;
			buildSettings = {
				ALWAYS_EMBED_SWIFT_STANDARD_LIBRARIES = YES;
				CODE_SIGN_STYLE = Automatic;
				CURRENT_PROJECT_VERSION = 1;
				DEVELOPMENT_TEAM = N88HH72T27;
				GENERATE_INFOPLIST_FILE = YES;
				IPHONEOS_DEPLOYMENT_TARGET = 17.2;
				MACOSX_DEPLOYMENT_TARGET = 14.2;
				MARKETING_VERSION = 1.0;
				PRODUCT_BUNDLE_IDENTIFIER = lopro.GymAppUITests;
				PRODUCT_NAME = "$(TARGET_NAME)";
				SDKROOT = auto;
				SUPPORTED_PLATFORMS = "iphoneos iphonesimulator macosx";
				SWIFT_EMIT_LOC_STRINGS = NO;
				SWIFT_VERSION = 5.0;
				TARGETED_DEVICE_FAMILY = "1,2";
				TEST_TARGET_NAME = GymApp;
			};
			name = Debug;
		};
		15DA47F62B36A2D800FF6C95 /* Release */ = {
			isa = XCBuildConfiguration;
			buildSettings = {
				ALWAYS_EMBED_SWIFT_STANDARD_LIBRARIES = YES;
				CODE_SIGN_STYLE = Automatic;
				CURRENT_PROJECT_VERSION = 1;
				DEVELOPMENT_TEAM = N88HH72T27;
				GENERATE_INFOPLIST_FILE = YES;
				IPHONEOS_DEPLOYMENT_TARGET = 17.2;
				MACOSX_DEPLOYMENT_TARGET = 14.2;
				MARKETING_VERSION = 1.0;
				PRODUCT_BUNDLE_IDENTIFIER = lopro.GymAppUITests;
				PRODUCT_NAME = "$(TARGET_NAME)";
				SDKROOT = auto;
				SUPPORTED_PLATFORMS = "iphoneos iphonesimulator macosx";
				SWIFT_EMIT_LOC_STRINGS = NO;
				SWIFT_VERSION = 5.0;
				TARGETED_DEVICE_FAMILY = "1,2";
				TEST_TARGET_NAME = GymApp;
			};
			name = Release;
		};
/* End XCBuildConfiguration section */

/* Begin XCConfigurationList section */
		15DA47C42B36A2D400FF6C95 /* Build configuration list for PBXProject "GymApp" */ = {
			isa = XCConfigurationList;
			buildConfigurations = (
				15DA47EC2B36A2D800FF6C95 /* Debug */,
				15DA47ED2B36A2D800FF6C95 /* Release */,
			);
			defaultConfigurationIsVisible = 0;
			defaultConfigurationName = Release;
		};
		15DA47EE2B36A2D800FF6C95 /* Build configuration list for PBXNativeTarget "GymApp" */ = {
			isa = XCConfigurationList;
			buildConfigurations = (
				15DA47EF2B36A2D800FF6C95 /* Debug */,
				15DA47F02B36A2D800FF6C95 /* Release */,
			);
			defaultConfigurationIsVisible = 0;
			defaultConfigurationName = Release;
		};
		15DA47F12B36A2D800FF6C95 /* Build configuration list for PBXNativeTarget "GymAppTests" */ = {
			isa = XCConfigurationList;
			buildConfigurations = (
				15DA47F22B36A2D800FF6C95 /* Debug */,
				15DA47F32B36A2D800FF6C95 /* Release */,
			);
			defaultConfigurationIsVisible = 0;
			defaultConfigurationName = Release;
		};
		15DA47F42B36A2D800FF6C95 /* Build configuration list for PBXNativeTarget "GymAppUITests" */ = {
			isa = XCConfigurationList;
			buildConfigurations = (
				15DA47F52B36A2D800FF6C95 /* Debug */,
				15DA47F62B36A2D800FF6C95 /* Release */,
			);
			defaultConfigurationIsVisible = 0;
			defaultConfigurationName = Release;
		};
/* End XCConfigurationList section */

/* Begin XCRemoteSwiftPackageReference section */
		15CB48E62C55AEB7006BB7BD /* XCRemoteSwiftPackageReference "realm-cocoa" */ = {
			isa = XCRemoteSwiftPackageReference;
			repositoryURL = "https://github.com/realm/realm-cocoa";
			requirement = {
				branch = master;
				kind = branch;
			};
		};
/* End XCRemoteSwiftPackageReference section */

/* Begin XCSwiftPackageProductDependency section */
		15B9BA162C55B3F40000F832 /* RealmSwift */ = {
			isa = XCSwiftPackageProductDependency;
			package = 15CB48E62C55AEB7006BB7BD /* XCRemoteSwiftPackageReference "realm-cocoa" */;
			productName = RealmSwift;
		};
		15B9BA1D2C55B5DD0000F832 /* RealmSwift */ = {
			isa = XCSwiftPackageProductDependency;
			package = 15CB48E62C55AEB7006BB7BD /* XCRemoteSwiftPackageReference "realm-cocoa" */;
			productName = RealmSwift;
		};
		15B9BA242C55B5E30000F832 /* RealmSwift */ = {
			isa = XCSwiftPackageProductDependency;
			package = 15CB48E62C55AEB7006BB7BD /* XCRemoteSwiftPackageReference "realm-cocoa" */;
			productName = RealmSwift;
		};
		15B9BA282C55B6B60000F832 /* Realm */ = {
			isa = XCSwiftPackageProductDependency;
			package = 15CB48E62C55AEB7006BB7BD /* XCRemoteSwiftPackageReference "realm-cocoa" */;
			productName = Realm;
		};
		15B9BA2A2C55B6B60000F832 /* RealmSwift */ = {
			isa = XCSwiftPackageProductDependency;
			package = 15CB48E62C55AEB7006BB7BD /* XCRemoteSwiftPackageReference "realm-cocoa" */;
			productName = RealmSwift;
		};
		15B9BA2C2C55B6D60000F832 /* Realm */ = {
			isa = XCSwiftPackageProductDependency;
			package = 15CB48E62C55AEB7006BB7BD /* XCRemoteSwiftPackageReference "realm-cocoa" */;
			productName = Realm;
		};
		15B9BA2E2C55B6D60000F832 /* RealmSwift */ = {
			isa = XCSwiftPackageProductDependency;
			package = 15CB48E62C55AEB7006BB7BD /* XCRemoteSwiftPackageReference "realm-cocoa" */;
			productName = RealmSwift;
		};
		15B9BA302C55B6DB0000F832 /* Realm */ = {
			isa = XCSwiftPackageProductDependency;
			package = 15CB48E62C55AEB7006BB7BD /* XCRemoteSwiftPackageReference "realm-cocoa" */;
			productName = Realm;
		};
		15B9BA322C55B6DB0000F832 /* RealmSwift */ = {
			isa = XCSwiftPackageProductDependency;
			package = 15CB48E62C55AEB7006BB7BD /* XCRemoteSwiftPackageReference "realm-cocoa" */;
			productName = RealmSwift;
		};
/* End XCSwiftPackageProductDependency section */
	};
	rootObject = 15DA47C12B36A2D400FF6C95 /* Project object */;
}
